
Microsoft Visual Studio Solution File, Format Version 12.00
# Visual Studio Version 16
VisualStudioVersion = 16.0.31313.79
MinimumVisualStudioVersion = 10.0.40219.1
Project("{FAE04EC0-301F-11D3-BF4B-00C04F79EFBC}") = "TempConvert", "TempConvert\TempConvert.csproj", "{848DFACB-E635-4361-8A94-0004DB674ED2}"
EndProject
Global
	GlobalSection(SolutionConfigurationPlatforms) = preSolution
		Debug|Any CPU = Debug|Any CPU
		Release|Any CPU = Release|Any CPU
	EndGlobalSection
	GlobalSection(ProjectConfigurationPlatforms) = postSolution
		{848DFACB-E635-4361-8A94-0004DB674ED2}.Debug|Any CPU.ActiveCfg = Debug|Any CPU
		{848DFACB-E635-4361-8A94-0004DB674ED2}.Debug|Any CPU.Build.0 = Debug|Any CPU
		{848DFACB-E635-4361-8A94-0004DB674ED2}.Release|Any CPU.ActiveCfg = Release|Any CPU
		{848DFACB-E635-4361-8A94-0004DB674ED2}.Release|Any CPU.Build.0 = Release|Any CPU
	EndGlobalSection
	GlobalSection(SolutionProperties) = preSolution
		HideSolutionNode = FALSE
	EndGlobalSection
	GlobalSection(ExtensibilityGlobals) = postSolution
		SolutionGuid = {55954A85-A649-41FC-81CE-92929208A79A}
	EndGlobalSection
EndGlobal
